
Microsoft Visual Studio Solution File, Format Version 12.00
# Visual Studio Version 16
VisualStudioVersion = 16.0.33328.57
MinimumVisualStudioVersion = 10.0.40219.1
Project("{8BC9CEB8-8B4A-11D0-8D11-00A0C91BC942}") = "Bucket Knight", "Bucket Knight.vcxproj", "{60BBEC4A-7664-410F-98FC-5BB63E2022FE}"
EndProject
Global
	GlobalSection(SolutionConfigurationPlatforms) = preSolution
		Debug|x64 = Debug|x64
		Debug|x86 = Debug|x86
		Release|x64 = Release|x64
		Release|x86 = Release|x86
	EndGlobalSection
	GlobalSection(ProjectConfigurationPlatforms) = postSolution
		{60BBEC4A-7664-410F-98FC-5BB63E2022FE}.Debug|x64.ActiveCfg = Debug|x64
		{60BBEC4A-7664-410F-98FC-5BB63E2022FE}.Debug|x64.Build.0 = Debug|x64
		{60BBEC4A-7664-410F-98FC-5BB63E2022FE}.Debug|x86.ActiveCfg = Debug|Win32
		{60BBEC4A-7664-410F-98FC-5BB63E2022FE}.Debug|x86.Build.0 = Debug|Win32
		{60BBEC4A-7664-410F-98FC-5BB63E2022FE}.Release|x64.ActiveCfg = Release|x64
		{60BBEC4A-7664-410F-98FC-5BB63E2022FE}.Release|x64.Build.0 = Release|x64
		{60BBEC4A-7664-410F-98FC-5BB63E2022FE}.Release|x86.ActiveCfg = Release|Win32
		{60BBEC4A-7664-410F-98FC-5BB63E2022FE}.Release|x86.Build.0 = Release|Win32
	EndGlobalSection
	GlobalSection(SolutionProperties) = preSolution
		HideSolutionNode = FALSE
	EndGlobalSection
	GlobalSection(ExtensibilityGlobals) = postSolution
		SolutionGuid = {3299652D-2F94-45DD-9B7F-781C4844DA64}
	EndGlobalSection
EndGlobal
